
Microsoft Visual Studio Solution File, Format Version 12.00
# Visual Studio Version 17
VisualStudioVersion = 17.2.32630.192
MinimumVisualStudioVersion = 10.0.40219.1
Project("{9A19103F-16F7-4668-BE54-9A1E7A4F7556}") = "AdventureHelper", "Code\AdventureHelper.csproj", "{521D4BD1-EF05-4BB0-8219-8208DFD60D27}"
EndProject
Global
	GlobalSection(SolutionConfigurationPlatforms) = preSolution
		Debug|Any CPU = Debug|Any CPU
		Release|Any CPU = Release|Any CPU
	EndGlobalSection
	GlobalSection(ProjectConfigurationPlatforms) = postSolution
		{521D4BD1-EF05-4BB0-8219-8208DFD60D27}.Debug|Any CPU.ActiveCfg = Debug|Any CPU
		{521D4BD1-EF05-4BB0-8219-8208DFD60D27}.Debug|Any CPU.Build.0 = Debug|Any CPU
		{521D4BD1-EF05-4BB0-8219-8208DFD60D27}.Release|Any CPU.ActiveCfg = Release|Any CPU
		{521D4BD1-EF05-4BB0-8219-8208DFD60D27}.Release|Any CPU.Build.0 = Release|Any CPU
	EndGlobalSection
	GlobalSection(SolutionProperties) = preSolution
		HideSolutionNode = FALSE
	EndGlobalSection
	GlobalSection(ExtensibilityGlobals) = postSolution
		SolutionGuid = {CCC5153A-6138-4735-81CB-004A77E218DC}
	EndGlobalSection
EndGlobal
